
Microsoft Visual Studio Solution File, Format Version 12.00
# Visual Studio 14
VisualStudioVersion = 14.0.25420.1
MinimumVisualStudioVersion = 10.0.40219.1
Project("{FAE04EC0-301F-11D3-BF4B-00C04F79EFBC}") = "OpenIIoT.Core", "Source\OpenIIoT.Core\OpenIIoT.Core.csproj", "{899D0A77-77E8-4BCF-848E-2167C8CC036F}"
EndProject
Project("{FAE04EC0-301F-11D3-BF4B-00C04F79EFBC}") = "OpenIIoT.Core.Tests", "Tests\OpenIIoT.Core.Tests\OpenIIoT.Core.Tests.csproj", "{E98779CA-1108-4B80-AD81-40594CCCED82}"
EndProject
Project("{2150E333-8FDC-42A3-9474-1A3956D46DE8}") = "Solution Items", "Solution Items", "{DEB11300-255C-444F-9E92-D479957A1998}"
	ProjectSection(SolutionItems) = preProject
		.travis.yml = .travis.yml
		appveyor.yml = appveyor.yml
		CONTRIBUTING.md = CONTRIBUTING.md
		LICENSE = LICENSE
		README.md = README.md
	EndProjectSection
EndProject
Project("{FAE04EC0-301F-11D3-BF4B-00C04F79EFBC}") = "OpenIIoT.SDK", "Source\OpenIIoT.SDK\OpenIIoT.SDK.csproj", "{9C220B49-76AC-4EF5-B385-906AC84D5DA2}"
EndProject
Project("{FAE04EC0-301F-11D3-BF4B-00C04F79EFBC}") = "OpenIIoT.SDK.Tests", "Tests\OpenIIoT.SDK.Tests\OpenIIoT.SDK.Tests.csproj", "{C01490C0-A243-4FB6-B6EF-A5FB534D20F0}"
EndProject
Project("{FAE04EC0-301F-11D3-BF4B-00C04F79EFBC}") = "OpenIIoT.SDK.Packaging", "Source\OpenIIoT.SDK.Packaging\OpenIIoT.SDK.Packaging.csproj", "{6D80D90E-AA21-4557-A319-C7520D9EB8E4}"
EndProject
Project("{FAE04EC0-301F-11D3-BF4B-00C04F79EFBC}") = "OpenIIoT.SDK.Packaging.Tests", "Tests\OpenIIoT.SDK.Packaging.Tests\OpenIIoT.SDK.Packaging.Tests.csproj", "{E5D9E56F-A410-473B-9D0F-F6CA0271780E}"
EndProject
Project("{2150E333-8FDC-42A3-9474-1A3956D46DE8}") = "Tests", "Tests", "{B66E55C7-FE35-438F-952A-109C35FAA9DE}"
EndProject
Project("{2150E333-8FDC-42A3-9474-1A3956D46DE8}") = "Source", "Source", "{F5AD17E6-048C-49B1-8FEE-CC4D8867CB2F}"
EndProject
Global
	GlobalSection(SolutionConfigurationPlatforms) = preSolution
		Debug|Any CPU = Debug|Any CPU
		Release|Any CPU = Release|Any CPU
	EndGlobalSection
	GlobalSection(ProjectConfigurationPlatforms) = postSolution
		{899D0A77-77E8-4BCF-848E-2167C8CC036F}.Debug|Any CPU.ActiveCfg = Debug|Any CPU
		{899D0A77-77E8-4BCF-848E-2167C8CC036F}.Debug|Any CPU.Build.0 = Debug|Any CPU
		{899D0A77-77E8-4BCF-848E-2167C8CC036F}.Release|Any CPU.ActiveCfg = Release|Any CPU
		{899D0A77-77E8-4BCF-848E-2167C8CC036F}.Release|Any CPU.Build.0 = Release|Any CPU
		{E98779CA-1108-4B80-AD81-40594CCCED82}.Debug|Any CPU.ActiveCfg = Debug|Any CPU
		{E98779CA-1108-4B80-AD81-40594CCCED82}.Debug|Any CPU.Build.0 = Debug|Any CPU
		{E98779CA-1108-4B80-AD81-40594CCCED82}.Release|Any CPU.ActiveCfg = Release|Any CPU
		{E98779CA-1108-4B80-AD81-40594CCCED82}.Release|Any CPU.Build.0 = Release|Any CPU
		{9C220B49-76AC-4EF5-B385-906AC84D5DA2}.Debug|Any CPU.ActiveCfg = Debug|Any CPU
		{9C220B49-76AC-4EF5-B385-906AC84D5DA2}.Debug|Any CPU.Build.0 = Debug|Any CPU
		{9C220B49-76AC-4EF5-B385-906AC84D5DA2}.Release|Any CPU.ActiveCfg = Release|Any CPU
		{9C220B49-76AC-4EF5-B385-906AC84D5DA2}.Release|Any CPU.Build.0 = Release|Any CPU
		{C01490C0-A243-4FB6-B6EF-A5FB534D20F0}.Debug|Any CPU.ActiveCfg = Debug|Any CPU
		{C01490C0-A243-4FB6-B6EF-A5FB534D20F0}.Debug|Any CPU.Build.0 = Debug|Any CPU
		{C01490C0-A243-4FB6-B6EF-A5FB534D20F0}.Release|Any CPU.ActiveCfg = Release|Any CPU
		{C01490C0-A243-4FB6-B6EF-A5FB534D20F0}.Release|Any CPU.Build.0 = Release|Any CPU
		{6D80D90E-AA21-4557-A319-C7520D9EB8E4}.Debug|Any CPU.ActiveCfg = Debug|Any CPU
		{6D80D90E-AA21-4557-A319-C7520D9EB8E4}.Debug|Any CPU.Build.0 = Debug|Any CPU
		{6D80D90E-AA21-4557-A319-C7520D9EB8E4}.Release|Any CPU.ActiveCfg = Release|Any CPU
		{6D80D90E-AA21-4557-A319-C7520D9EB8E4}.Release|Any CPU.Build.0 = Release|Any CPU
		{E5D9E56F-A410-473B-9D0F-F6CA0271780E}.Debug|Any CPU.ActiveCfg = Debug|Any CPU
		{E5D9E56F-A410-473B-9D0F-F6CA0271780E}.Debug|Any CPU.Build.0 = Debug|Any CPU
		{E5D9E56F-A410-473B-9D0F-F6CA0271780E}.Release|Any CPU.ActiveCfg = Release|Any CPU
		{E5D9E56F-A410-473B-9D0F-F6CA0271780E}.Release|Any CPU.Build.0 = Release|Any CPU
	EndGlobalSection
	GlobalSection(SolutionProperties) = preSolution
		HideSolutionNode = FALSE
	EndGlobalSection
	GlobalSection(NestedProjects) = preSolution
		{899D0A77-77E8-4BCF-848E-2167C8CC036F} = {F5AD17E6-048C-49B1-8FEE-CC4D8867CB2F}
		{E98779CA-1108-4B80-AD81-40594CCCED82} = {B66E55C7-FE35-438F-952A-109C35FAA9DE}
		{9C220B49-76AC-4EF5-B385-906AC84D5DA2} = {F5AD17E6-048C-49B1-8FEE-CC4D8867CB2F}
		{C01490C0-A243-4FB6-B6EF-A5FB534D20F0} = {B66E55C7-FE35-438F-952A-109C35FAA9DE}
		{6D80D90E-AA21-4557-A319-C7520D9EB8E4} = {F5AD17E6-048C-49B1-8FEE-CC4D8867CB2F}
		{E5D9E56F-A410-473B-9D0F-F6CA0271780E} = {B66E55C7-FE35-438F-952A-109C35FAA9DE}
	EndGlobalSection
EndGlobal
