
Microsoft Visual Studio Solution File, Format Version 12.00
# Visual Studio 14
VisualStudioVersion = 14.0.25420.1
MinimumVisualStudioVersion = 10.0.40219.1
Project("{FAE04EC0-301F-11D3-BF4B-00C04F79EFBC}") = "OpenIIoT.Core", "Source\OpenIIoT.Core\OpenIIoT.Core.csproj", "{899D0A77-77E8-4BCF-848E-2167C8CC036F}"
EndProject
Project("{FAE04EC0-301F-11D3-BF4B-00C04F79EFBC}") = "OpenIIoT.Core.Tests", "Tests\OpenIIoT.Core.Tests\OpenIIoT.Core.Tests.csproj", "{E98779CA-1108-4B80-AD81-40594CCCED82}"
EndProject
Project("{2150E333-8FDC-42A3-9474-1A3956D46DE8}") = "Solution Items", "Solution Items", "{DEB11300-255C-444F-9E92-D479957A1998}"
	ProjectSection(SolutionItems) = preProject
		.travis.yml = .travis.yml
		appveyor.yml = appveyor.yml
		CONTRIBUTING.md = CONTRIBUTING.md
		LICENSE = LICENSE
		README.md = README.md
	EndProjectSection
EndProject
Project("{FAE04EC0-301F-11D3-BF4B-00C04F79EFBC}") = "OpenIIoT.SDK", "Source\OpenIIoT.SDK\OpenIIoT.SDK.csproj", "{9C220B49-76AC-4EF5-B385-906AC84D5DA2}"
EndProject
Project("{FAE04EC0-301F-11D3-BF4B-00C04F79EFBC}") = "OpenIIoT.SDK.Tests", "Tests\OpenIIoT.SDK.Tests\OpenIIoT.SDK.Tests.csproj", "{C01490C0-A243-4FB6-B6EF-A5FB534D20F0}"
EndProject
Project("{FAE04EC0-301F-11D3-BF4B-00C04F79EFBC}") = "OpenIIoT.SDK.Security", "Source\OpenIIoT.SDK.Security\OpenIIoT.SDK.Security.csproj", "{FCF72B45-9F92-41BB-B75C-E7EB9749DBCE}"
EndProject
Project("{FAE04EC0-301F-11D3-BF4B-00C04F79EFBC}") = "OpenIIoT.SDK.Security.Tests", "Tests\OpenIIoT.SDK.Security.Tests\OpenIIoT.SDK.Security.Tests.csproj", "{B728A024-E682-4360-BB36-2E11EE8DC2D8}"
EndProject
Project("{2150E333-8FDC-42A3-9474-1A3956D46DE8}") = "Tests", "Tests", "{8435AA25-6920-466D-B2DF-340F4447DBED}"
EndProject
Project("{2150E333-8FDC-42A3-9474-1A3956D46DE8}") = "Source", "Source", "{30CCFDA2-D379-4E74-9D0E-FD80591A8CFB}"
EndProject
Project("{FAE04EC0-301F-11D3-BF4B-00C04F79EFBC}") = "OpenIIoT.SDK.Packaging", "Source\OpenIIoT.SDK.Packaging\OpenIIoT.SDK.Packaging.csproj", "{BA56542B-20FF-46B8-BA5C-C0190ECD243D}"
EndProject
Project("{FAE04EC0-301F-11D3-BF4B-00C04F79EFBC}") = "OpenIIoT.SDK.Packaging.Tests", "Tests\OpenIIoT.SDK.Packaging.Tests\OpenIIoT.SDK.Packaging.Tests.csproj", "{FF1CC852-725D-4D48-B06C-F2760A434755}"
EndProject
Global
	GlobalSection(SolutionConfigurationPlatforms) = preSolution
		Debug|Any CPU = Debug|Any CPU
		Release|Any CPU = Release|Any CPU
	EndGlobalSection
	GlobalSection(ProjectConfigurationPlatforms) = postSolution
		{899D0A77-77E8-4BCF-848E-2167C8CC036F}.Debug|Any CPU.ActiveCfg = Debug|Any CPU
		{899D0A77-77E8-4BCF-848E-2167C8CC036F}.Debug|Any CPU.Build.0 = Debug|Any CPU
		{899D0A77-77E8-4BCF-848E-2167C8CC036F}.Release|Any CPU.ActiveCfg = Release|Any CPU
		{899D0A77-77E8-4BCF-848E-2167C8CC036F}.Release|Any CPU.Build.0 = Release|Any CPU
		{E98779CA-1108-4B80-AD81-40594CCCED82}.Debug|Any CPU.ActiveCfg = Debug|Any CPU
		{E98779CA-1108-4B80-AD81-40594CCCED82}.Debug|Any CPU.Build.0 = Debug|Any CPU
		{E98779CA-1108-4B80-AD81-40594CCCED82}.Release|Any CPU.ActiveCfg = Release|Any CPU
		{E98779CA-1108-4B80-AD81-40594CCCED82}.Release|Any CPU.Build.0 = Release|Any CPU
		{9C220B49-76AC-4EF5-B385-906AC84D5DA2}.Debug|Any CPU.ActiveCfg = Debug|Any CPU
		{9C220B49-76AC-4EF5-B385-906AC84D5DA2}.Debug|Any CPU.Build.0 = Debug|Any CPU
		{9C220B49-76AC-4EF5-B385-906AC84D5DA2}.Release|Any CPU.ActiveCfg = Release|Any CPU
		{9C220B49-76AC-4EF5-B385-906AC84D5DA2}.Release|Any CPU.Build.0 = Release|Any CPU
		{C01490C0-A243-4FB6-B6EF-A5FB534D20F0}.Debug|Any CPU.ActiveCfg = Debug|Any CPU
		{C01490C0-A243-4FB6-B6EF-A5FB534D20F0}.Debug|Any CPU.Build.0 = Debug|Any CPU
		{C01490C0-A243-4FB6-B6EF-A5FB534D20F0}.Release|Any CPU.ActiveCfg = Release|Any CPU
		{C01490C0-A243-4FB6-B6EF-A5FB534D20F0}.Release|Any CPU.Build.0 = Release|Any CPU
		{FCF72B45-9F92-41BB-B75C-E7EB9749DBCE}.Debug|Any CPU.ActiveCfg = Debug|Any CPU
		{FCF72B45-9F92-41BB-B75C-E7EB9749DBCE}.Debug|Any CPU.Build.0 = Debug|Any CPU
		{FCF72B45-9F92-41BB-B75C-E7EB9749DBCE}.Release|Any CPU.ActiveCfg = Release|Any CPU
		{FCF72B45-9F92-41BB-B75C-E7EB9749DBCE}.Release|Any CPU.Build.0 = Release|Any CPU
		{B728A024-E682-4360-BB36-2E11EE8DC2D8}.Debug|Any CPU.ActiveCfg = Debug|Any CPU
		{B728A024-E682-4360-BB36-2E11EE8DC2D8}.Debug|Any CPU.Build.0 = Debug|Any CPU
		{B728A024-E682-4360-BB36-2E11EE8DC2D8}.Release|Any CPU.ActiveCfg = Release|Any CPU
		{B728A024-E682-4360-BB36-2E11EE8DC2D8}.Release|Any CPU.Build.0 = Release|Any CPU
		{BA56542B-20FF-46B8-BA5C-C0190ECD243D}.Debug|Any CPU.ActiveCfg = Debug|Any CPU
		{BA56542B-20FF-46B8-BA5C-C0190ECD243D}.Debug|Any CPU.Build.0 = Debug|Any CPU
		{BA56542B-20FF-46B8-BA5C-C0190ECD243D}.Release|Any CPU.ActiveCfg = Release|Any CPU
		{BA56542B-20FF-46B8-BA5C-C0190ECD243D}.Release|Any CPU.Build.0 = Release|Any CPU
		{FF1CC852-725D-4D48-B06C-F2760A434755}.Debug|Any CPU.ActiveCfg = Debug|Any CPU
		{FF1CC852-725D-4D48-B06C-F2760A434755}.Debug|Any CPU.Build.0 = Debug|Any CPU
		{FF1CC852-725D-4D48-B06C-F2760A434755}.Release|Any CPU.ActiveCfg = Release|Any CPU
		{FF1CC852-725D-4D48-B06C-F2760A434755}.Release|Any CPU.Build.0 = Release|Any CPU
	EndGlobalSection
	GlobalSection(SolutionProperties) = preSolution
		HideSolutionNode = FALSE
	EndGlobalSection
	GlobalSection(NestedProjects) = preSolution
		{899D0A77-77E8-4BCF-848E-2167C8CC036F} = {30CCFDA2-D379-4E74-9D0E-FD80591A8CFB}
		{E98779CA-1108-4B80-AD81-40594CCCED82} = {8435AA25-6920-466D-B2DF-340F4447DBED}
		{9C220B49-76AC-4EF5-B385-906AC84D5DA2} = {30CCFDA2-D379-4E74-9D0E-FD80591A8CFB}
		{C01490C0-A243-4FB6-B6EF-A5FB534D20F0} = {8435AA25-6920-466D-B2DF-340F4447DBED}
		{FCF72B45-9F92-41BB-B75C-E7EB9749DBCE} = {30CCFDA2-D379-4E74-9D0E-FD80591A8CFB}
		{B728A024-E682-4360-BB36-2E11EE8DC2D8} = {8435AA25-6920-466D-B2DF-340F4447DBED}
		{BA56542B-20FF-46B8-BA5C-C0190ECD243D} = {30CCFDA2-D379-4E74-9D0E-FD80591A8CFB}
		{FF1CC852-725D-4D48-B06C-F2760A434755} = {8435AA25-6920-466D-B2DF-340F4447DBED}
	EndGlobalSection
EndGlobal
