
Microsoft Visual Studio Solution File, Format Version 12.00
# Visual Studio 15
VisualStudioVersion = 15.0.26730.16
MinimumVisualStudioVersion = 10.0.40219.1
Project("{FAE04EC0-301F-11D3-BF4B-00C04F79EFBC}") = "OpenIIoT", "OpenIIoT\OpenIIoT.csproj", "{4353E71A-9089-4F5C-9822-A616B56F13BD}"
EndProject
Project("{FAE04EC0-301F-11D3-BF4B-00C04F79EFBC}") = "OpenIIoT.Tests", "OpenIIoT.Tests\OpenIIoT.Tests.csproj", "{BCAAB708-0715-4D1D-AE26-1DAA016A3682}"
EndProject
Project("{FAE04EC0-301F-11D3-BF4B-00C04F79EFBC}") = "OpenIIoT.SDK", "OpenIIoT.SDK\OpenIIoT.SDK.csproj", "{C0E90309-E718-4D67-95C2-120F26534764}"
EndProject
Project("{FAE04EC0-301F-11D3-BF4B-00C04F79EFBC}") = "OpenIIoT.SDK.Tests", "OpenIIoT.SDK.Tests\OpenIIoT.SDK.Tests.csproj", "{CA150E94-B805-4678-820B-451C1505AF04}"
EndProject

Global
	GlobalSection(SolutionConfigurationPlatforms) = preSolution
		Debug|Any CPU = Debug|Any CPU
		Release|Any CPU = Release|Any CPU
	EndGlobalSection
	GlobalSection(ProjectConfigurationPlatforms) = postSolution
		{4353E71A-9089-4F5C-9822-A616B56F13BD}.Debug|Any CPU.ActiveCfg = Debug|Any CPU
		{4353E71A-9089-4F5C-9822-A616B56F13BD}.Debug|Any CPU.Build.0 = Debug|Any CPU
		{4353E71A-9089-4F5C-9822-A616B56F13BD}.Release|Any CPU.ActiveCfg = Release|Any CPU
		{4353E71A-9089-4F5C-9822-A616B56F13BD}.Release|Any CPU.Build.0 = Release|Any CPU
		{C0E90309-E718-4D67-95C2-120F26534764}.Debug|Any CPU.ActiveCfg = Debug|Any CPU
		{C0E90309-E718-4D67-95C2-120F26534764}.Debug|Any CPU.Build.0 = Debug|Any CPU
		{C0E90309-E718-4D67-95C2-120F26534764}.Release|Any CPU.ActiveCfg = Release|Any CPU
		{C0E90309-E718-4D67-95C2-120F26534764}.Release|Any CPU.Build.0 = Release|Any CPU
		{CA150E94-B805-4678-820B-451C1505AF04}.Debug|Any CPU.ActiveCfg = Debug|Any CPU
		{CA150E94-B805-4678-820B-451C1505AF04}.Debug|Any CPU.Build.0 = Debug|Any CPU
		{CA150E94-B805-4678-820B-451C1505AF04}.Release|Any CPU.ActiveCfg = Release|Any CPU
		{CA150E94-B805-4678-820B-451C1505AF04}.Release|Any CPU.Build.0 = Release|Any CPU
		{BCAAB708-0715-4D1D-AE26-1DAA016A3682}.Debug|Any CPU.ActiveCfg = Debug|Any CPU
		{BCAAB708-0715-4D1D-AE26-1DAA016A3682}.Debug|Any CPU.Build.0 = Debug|Any CPU
		{BCAAB708-0715-4D1D-AE26-1DAA016A3682}.Release|Any CPU.ActiveCfg = Release|Any CPU
		{BCAAB708-0715-4D1D-AE26-1DAA016A3682}.Release|Any CPU.Build.0 = Release|Any CPU
	EndGlobalSection
	GlobalSection(SolutionProperties) = preSolution
		HideSolutionNode = FALSE
	EndGlobalSection
	GlobalSection(ExtensibilityGlobals) = postSolution
		SolutionGuid = {72F6091C-EB3D-45D1-B139-DDFFE8AC5D7C}
	EndGlobalSection
EndGlobal
