
Microsoft Visual Studio Solution File, Format Version 12.00
# Visual Studio 14
VisualStudioVersion = 14.0.24720.0
MinimumVisualStudioVersion = 10.0.40219.1
Project("{FAE04EC0-301F-11D3-BF4B-00C04F79EFBC}") = "Core", "Core\Core.csproj", "{899D0A77-77E8-4BCF-848E-2167C8CC036F}"
EndProject
Project("{2150E333-8FDC-42A3-9474-1A3956D46DE8}") = "Plugins", "Plugins", "{CE59C89D-A00D-48D7-BE8E-EF16BF1935F3}"
EndProject
Project("{2150E333-8FDC-42A3-9474-1A3956D46DE8}") = "Connectors", "Connectors", "{7524D106-74DC-4708-846A-D1BDA3A19EFA}"
EndProject
Project("{2150E333-8FDC-42A3-9474-1A3956D46DE8}") = "Endpoints", "Endpoints", "{544AC559-80C1-4A8F-AC81-5997166DA050}"
EndProject
Project("{FAE04EC0-301F-11D3-BF4B-00C04F79EFBC}") = "Symbiote.Plugin.Connector.Simulation", "Plugins\Connectors\Symbiote.Plugin.Connector.Simulator\Symbiote.Plugin.Connector.Simulation.csproj", "{F9F78672-5688-46E0-99F5-BC75CB3BBEE0}"
EndProject
Project("{FAE04EC0-301F-11D3-BF4B-00C04F79EFBC}") = "Symbiote.Plugin.Endpoint.Example", "Plugins\Endpoints\Symbiote.Plugin.Endpoint.Example\Symbiote.Plugin.Endpoint.Example.csproj", "{5DA85DD0-B058-459F-AE89-EFE972CB7E34}"
EndProject
Global
	GlobalSection(SolutionConfigurationPlatforms) = preSolution
		Debug|Any CPU = Debug|Any CPU
		Release|Any CPU = Release|Any CPU
	EndGlobalSection
	GlobalSection(ProjectConfigurationPlatforms) = postSolution
		{899D0A77-77E8-4BCF-848E-2167C8CC036F}.Debug|Any CPU.ActiveCfg = Debug|Any CPU
		{899D0A77-77E8-4BCF-848E-2167C8CC036F}.Debug|Any CPU.Build.0 = Debug|Any CPU
		{899D0A77-77E8-4BCF-848E-2167C8CC036F}.Release|Any CPU.ActiveCfg = Release|Any CPU
		{899D0A77-77E8-4BCF-848E-2167C8CC036F}.Release|Any CPU.Build.0 = Release|Any CPU
		{F9F78672-5688-46E0-99F5-BC75CB3BBEE0}.Debug|Any CPU.ActiveCfg = Debug|Any CPU
		{F9F78672-5688-46E0-99F5-BC75CB3BBEE0}.Debug|Any CPU.Build.0 = Debug|Any CPU
		{F9F78672-5688-46E0-99F5-BC75CB3BBEE0}.Release|Any CPU.ActiveCfg = Release|Any CPU
		{F9F78672-5688-46E0-99F5-BC75CB3BBEE0}.Release|Any CPU.Build.0 = Release|Any CPU
		{5DA85DD0-B058-459F-AE89-EFE972CB7E34}.Debug|Any CPU.ActiveCfg = Debug|Any CPU
		{5DA85DD0-B058-459F-AE89-EFE972CB7E34}.Debug|Any CPU.Build.0 = Debug|Any CPU
		{5DA85DD0-B058-459F-AE89-EFE972CB7E34}.Release|Any CPU.ActiveCfg = Release|Any CPU
		{5DA85DD0-B058-459F-AE89-EFE972CB7E34}.Release|Any CPU.Build.0 = Release|Any CPU
	EndGlobalSection
	GlobalSection(SolutionProperties) = preSolution
		HideSolutionNode = FALSE
	EndGlobalSection
	GlobalSection(NestedProjects) = preSolution
		{7524D106-74DC-4708-846A-D1BDA3A19EFA} = {CE59C89D-A00D-48D7-BE8E-EF16BF1935F3}
		{544AC559-80C1-4A8F-AC81-5997166DA050} = {CE59C89D-A00D-48D7-BE8E-EF16BF1935F3}
		{F9F78672-5688-46E0-99F5-BC75CB3BBEE0} = {7524D106-74DC-4708-846A-D1BDA3A19EFA}
		{5DA85DD0-B058-459F-AE89-EFE972CB7E34} = {544AC559-80C1-4A8F-AC81-5997166DA050}
	EndGlobalSection
EndGlobal
